
Microsoft Visual Studio Solution File, Format Version 12.00
# Visual Studio Version 16
VisualStudioVersion = 16.0.29709.97
MinimumVisualStudioVersion = 10.0.40219.1
Project("{FAE04EC0-301F-11D3-BF4B-00C04F79EFBC}") = "StockAPI", "StockAPI\StockAPI.csproj", "{4445247E-8177-4705-A46F-7E26DE930E2F}"
EndProject
Global
	GlobalSection(SolutionConfigurationPlatforms) = preSolution
		Debug|Any CPU = Debug|Any CPU
		Release|Any CPU = Release|Any CPU
	EndGlobalSection
	GlobalSection(ProjectConfigurationPlatforms) = postSolution
		{4445247E-8177-4705-A46F-7E26DE930E2F}.Debug|Any CPU.ActiveCfg = Debug|Any CPU
		{4445247E-8177-4705-A46F-7E26DE930E2F}.Debug|Any CPU.Build.0 = Debug|Any CPU
		{4445247E-8177-4705-A46F-7E26DE930E2F}.Release|Any CPU.ActiveCfg = Release|Any CPU
		{4445247E-8177-4705-A46F-7E26DE930E2F}.Release|Any CPU.Build.0 = Release|Any CPU
	EndGlobalSection
	GlobalSection(SolutionProperties) = preSolution
		HideSolutionNode = FALSE
	EndGlobalSection
	GlobalSection(ExtensibilityGlobals) = postSolution
		SolutionGuid = {7E85E5BB-C975-4A24-B228-F09B7A7A89AC}
	EndGlobalSection
EndGlobal
